{
  "name": "type-print",
  "version": "1.0.0",
  "lockfileVersion": 1,
  "requires": true,
  "dependencies": {
    "@types/node": {
      "version": "17.0.34",
      "resolved": "https://registry.npmmirror.com/@types/node/-/node-17.0.34.tgz",
      "integrity": "sha512-XImEz7XwTvDBtzlTnm8YvMqGW/ErMWBsKZ+hMTvnDIjGCKxwK5Xpc+c/oQjOauwq8M4OS11hEkpjX8rrI/eEgA==",
      "dev": true
    },
    "typescript": {
      "version": "4.6.4",
      "resolved": "https://registry.npmmirror.com/typescript/-/typescript-4.6.4.tgz",
      "integrity": "sha512-9ia/jWHIEbo49HfjrLGfKbZSuWo9iTMwXO+Ca3pRsSpbsMbc7/IU8NKdCZVRRBafVPGnoJeFL76ZOAA84I9fEg==",
      "dev": true
    }
  }
}
